
Microsoft Visual Studio Solution File, Format Version 12.00
# 17
VisualStudioVersion = 17.4.33205.214
MinimumVisualStudioVersion = 10.0.40219.1
Project("{9A19103F-16F7-4668-BE54-9A1E7A4F7556}") = "DesktopManager", "DesktopManager\DesktopManager.csproj", "{9F0E29CE-05A9-4630-A697-5CAE98F58604}"
EndProject
Project("{9A19103F-16F7-4668-BE54-9A1E7A4F7556}") = "DesktopManagerSample", "DesktopManagerSample\DesktopManagerSample.csproj", "{947035FD-3737-4563-8423-6986CA33107D}"
EndProject
Project("{FAE04EC0-301F-11D3-BF4B-00C04F79EFBC}") = "DesktopManager.PowerShell", "DesktopManager.PowerShell\DesktopManager.PowerShell.csproj", "{6CB4E9D1-F924-4CFE-AF68-B32BA0D1132F}"
EndProject
Project("{FAE04EC0-301F-11D3-BF4B-00C04F79EFBC}") = "DesktopManager.Tests", "DesktopManager.Tests\DesktopManager.Tests.csproj", "{9A33D810-3E64-4E42-9BA3-0862551A59B1}"
EndProject
Global
	GlobalSection(SolutionConfigurationPlatforms) = preSolution
		Debug|Any CPU = Debug|Any CPU
		Release|Any CPU = Release|Any CPU
	EndGlobalSection
	GlobalSection(ProjectConfigurationPlatforms) = postSolution
		{9F0E29CE-05A9-4630-A697-5CAE98F58604}.Debug|Any CPU.ActiveCfg = Debug|Any CPU
		{9F0E29CE-05A9-4630-A697-5CAE98F58604}.Debug|Any CPU.Build.0 = Debug|Any CPU
		{9F0E29CE-05A9-4630-A697-5CAE98F58604}.Release|Any CPU.ActiveCfg = Release|Any CPU
		{9F0E29CE-05A9-4630-A697-5CAE98F58604}.Release|Any CPU.Build.0 = Release|Any CPU
		{947035FD-3737-4563-8423-6986CA33107D}.Debug|Any CPU.ActiveCfg = Debug|Any CPU
		{947035FD-3737-4563-8423-6986CA33107D}.Debug|Any CPU.Build.0 = Debug|Any CPU
		{947035FD-3737-4563-8423-6986CA33107D}.Release|Any CPU.ActiveCfg = Release|Any CPU
		{947035FD-3737-4563-8423-6986CA33107D}.Release|Any CPU.Build.0 = Release|Any CPU
		{6CB4E9D1-F924-4CFE-AF68-B32BA0D1132F}.Debug|Any CPU.ActiveCfg = Debug|Any CPU
		{6CB4E9D1-F924-4CFE-AF68-B32BA0D1132F}.Debug|Any CPU.Build.0 = Debug|Any CPU
		{6CB4E9D1-F924-4CFE-AF68-B32BA0D1132F}.Release|Any CPU.ActiveCfg = Release|Any CPU
		{6CB4E9D1-F924-4CFE-AF68-B32BA0D1132F}.Release|Any CPU.Build.0 = Release|Any CPU
		{9A33D810-3E64-4E42-9BA3-0862551A59B1}.Debug|Any CPU.ActiveCfg = Debug|Any CPU
		{9A33D810-3E64-4E42-9BA3-0862551A59B1}.Debug|Any CPU.Build.0 = Debug|Any CPU
		{9A33D810-3E64-4E42-9BA3-0862551A59B1}.Release|Any CPU.ActiveCfg = Release|Any CPU
		{9A33D810-3E64-4E42-9BA3-0862551A59B1}.Release|Any CPU.Build.0 = Release|Any CPU
	EndGlobalSection
	GlobalSection(SolutionProperties) = preSolution
		HideSolutionNode = FALSE
	EndGlobalSection
	GlobalSection(ExtensibilityGlobals) = postSolution
		SolutionGuid = {93E809E6-87EC-4DEF-A2F5-2E8AFB908286}
	EndGlobalSection
EndGlobal
